
Microsoft Visual Studio Solution File, Format Version 12.00
# Visual Studio Version 16
VisualStudioVersion = 16.0.31005.135
MinimumVisualStudioVersion = 10.0.40219.1
Project("{FAE04EC0-301F-11D3-BF4B-00C04F79EFBC}") = "CoronaProject", "CoronaProject.csproj", "{BF00D4FE-DB46-4101-A19B-F1467B001025}"
EndProject
Global
	GlobalSection(SolutionConfigurationPlatforms) = preSolution
		Debug|Any CPU = Debug|Any CPU
		Release|Any CPU = Release|Any CPU
	EndGlobalSection
	GlobalSection(ProjectConfigurationPlatforms) = postSolution
		{BF00D4FE-DB46-4101-A19B-F1467B001025}.Debug|Any CPU.ActiveCfg = Debug|Any CPU
		{BF00D4FE-DB46-4101-A19B-F1467B001025}.Debug|Any CPU.Build.0 = Debug|Any CPU
		{BF00D4FE-DB46-4101-A19B-F1467B001025}.Release|Any CPU.ActiveCfg = Release|Any CPU
		{BF00D4FE-DB46-4101-A19B-F1467B001025}.Release|Any CPU.Build.0 = Release|Any CPU
	EndGlobalSection
	GlobalSection(SolutionProperties) = preSolution
		HideSolutionNode = FALSE
	EndGlobalSection
	GlobalSection(ExtensibilityGlobals) = postSolution
		SolutionGuid = {FE548E30-E85B-4667-9431-5087DB446046}
	EndGlobalSection
EndGlobal
